// !$*UTF8*$!
{
	archiveVersion = 1;
	classes = {
	};
	objectVersion = 50;
	objects = {

/* Begin PBXBuildFile section */
		89602818221FE1EC00705114 /* AppDelegate.swift in Sources */ = {isa = PBXBuildFile; fileRef = 89602817221FE1EC00705114 /* AppDelegate.swift */; };
		8960281A221FE1EC00705114 /* art.scnassets in Resources */ = {isa = PBXBuildFile; fileRef = 89602819221FE1EC00705114 /* art.scnassets */; };
		8960281C221FE1EC00705114 /* ViewController.swift in Sources */ = {isa = PBXBuildFile; fileRef = 8960281B221FE1EC00705114 /* ViewController.swift */; };
		8960281F221FE1EC00705114 /* Main.storyboard in Resources */ = {isa = PBXBuildFile; fileRef = 8960281D221FE1EC00705114 /* Main.storyboard */; };
		89602821221FE1EE00705114 /* Assets.xcassets in Resources */ = {isa = PBXBuildFile; fileRef = 89602820221FE1EE00705114 /* Assets.xcassets */; };
		89602824221FE1EE00705114 /* LaunchScreen.storyboard in Resources */ = {isa = PBXBuildFile; fileRef = 89602822221FE1EE00705114 /* LaunchScreen.storyboard */; };
/* End PBXBuildFile section */

/* Begin PBXFileReference section */
		89602814221FE1EC00705114 /* arSolarySystem3.app */ = {isa = PBXFileReference; explicitFileType = wrapper.application; includeInIndex = 0; path = arSolarySystem3.app; sourceTree = BUILT_PRODUCTS_DIR; };
		89602817221FE1EC00705114 /* AppDelegate.swift */ = {isa = PBXFileReference; lastKnownFileType = sourcecode.swift; path = AppDelegate.swift; sourceTree = "<group>"; };
		89602819221FE1EC00705114 /* art.scnassets */ = {isa = PBXFileReference; lastKnownFileType = wrapper.scnassets; path = art.scnassets; sourceTree = "<group>"; };
		8960281B221FE1EC00705114 /* ViewController.swift */ = {isa = PBXFileReference; lastKnownFileType = sourcecode.swift; path = ViewController.swift; sourceTree = "<group>"; };
		8960281E221FE1EC00705114 /* Base */ = {isa = PBXFileReference; lastKnownFileType = file.storyboard; name = Base; path = Base.lproj/Main.storyboard; sourceTree = "<group>"; };
		89602820221FE1EE00705114 /* Assets.xcassets */ = {isa = PBXFileReference; lastKnownFileType = folder.assetcatalog; path = Assets.xcassets; sourceTree = "<group>"; };
		89602823221FE1EE00705114 /* Base */ = {isa = PBXFileReference; lastKnownFileType = file.storyboard; name = Base; path = Base.lproj/LaunchScreen.storyboard; sourceTree = "<group>"; };
		89602825221FE1EE00705114 /* Info.plist */ = {isa = PBXFileReference; lastKnownFileType = text.plist.xml; path = Info.plist; sourceTree = "<group>"; };
/* End PBXFileReference section */

/* Begin PBXFrameworksBuildPhase section */
		89602811221FE1EC00705114 /* Frameworks */ = {
			isa = PBXFrameworksBuildPhase;
			buildActionMask = 2147483647;
			files = (
			);
			runOnlyForDeploymentPostprocessing = 0;
		};
/* End PBXFrameworksBuildPhase section */

/* Begin PBXGroup section */
		8960280B221FE1EC00705114 = {
			isa = PBXGroup;
			children = (
				89602816221FE1EC00705114 /* arSolarySystem3 */,
				89602815221FE1EC00705114 /* Products */,
			);
			sourceTree = "<group>";
		};
		89602815221FE1EC00705114 /* Products */ = {
			isa = PBXGroup;
			children = (
				89602814221FE1EC00705114 /* arSolarySystem3.app */,
			);
			name = Products;
			sourceTree = "<group>";
		};
		89602816221FE1EC00705114 /* arSolarySystem3 */ = {
			isa = PBXGroup;
			children = (
				89602817221FE1EC00705114 /* AppDelegate.swift */,
				89602819221FE1EC00705114 /* art.scnassets */,
				8960281B221FE1EC00705114 /* ViewController.swift */,
				8960281D221FE1EC00705114 /* Main.storyboard */,
				89602820221FE1EE00705114 /* Assets.xcassets */,
				89602822221FE1EE00705114 /* LaunchScreen.storyboard */,
				89602825221FE1EE00705114 /* Info.plist */,
			);
			path = arSolarySystem3;
			sourceTree = "<group>";
		};
/* End PBXGroup section */

/* Begin PBXNativeTarget section */
		89602813221FE1EC00705114 /* arSolarySystem3 */ = {
			isa = PBXNativeTarget;
			buildConfigurationList = 89602828221FE1EE00705114 /* Build configuration list for PBXNativeTarget "arSolarySystem3" */;
			buildPhases = (
				89602810221FE1EC00705114 /* Sources */,
				89602811221FE1EC00705114 /* Frameworks */,
				89602812221FE1EC00705114 /* Resources */,
			);
			buildRules = (
			);
			dependencies = (
			);
			name = arSolarySystem3;
			productName = arSolarySystem3;
			productReference = 89602814221FE1EC00705114 /* arSolarySystem3.app */;
			productType = "com.apple.product-type.application";
		};
/* End PBXNativeTarget section */

/* Begin PBXProject section */
		8960280C221FE1EC00705114 /* Project object */ = {
			isa = PBXProject;
			attributes = {
				LastSwiftUpdateCheck = 1010;
				LastUpgradeCheck = 1010;
				ORGANIZATIONNAME = "Dilip Gurjar";
				TargetAttributes = {
					89602813221FE1EC00705114 = {
						CreatedOnToolsVersion = 10.1;
					};
				};
			};
			buildConfigurationList = 8960280F221FE1EC00705114 /* Build configuration list for PBXProject "arSolarySystem3" */;
			compatibilityVersion = "Xcode 9.3";
			developmentRegion = en;
			hasScannedForEncodings = 0;
			knownRegions = (
				en,
				Base,
			);
			mainGroup = 8960280B221FE1EC00705114;
			productRefGroup = 89602815221FE1EC00705114 /* Products */;
			projectDirPath = "";
			projectRoot = "";
			targets = (
				89602813221FE1EC00705114 /* arSolarySystem3 */,
			);
		};
/* End PBXProject section */

/* Begin PBXResourcesBuildPhase section */
		89602812221FE1EC00705114 /* Resources */ = {
			isa = PBXResourcesBuildPhase;
			buildActionMask = 2147483647;
			files = (
				8960281A221FE1EC00705114 /* art.scnassets in Resources */,
				89602824221FE1EE00705114 /* LaunchScreen.storyboard in Resources */,
				89602821221FE1EE00705114 /* Assets.xcassets in Resources */,
				8960281F221FE1EC00705114 /* Main.storyboard in Resources */,
			);
			runOnlyForDeploymentPostprocessing = 0;
		};
/* End PBXResourcesBuildPhase section */

/* Begin PBXSourcesBuildPhase section */
		89602810221FE1EC00705114 /* Sources */ = {
			isa = PBXSourcesBuildPhase;
			buildActionMask = 2147483647;
			files = (
				8960281C221FE1EC00705114 /* ViewController.swift in Sources */,
				89602818221FE1EC00705114 /* AppDelegate.swift in Sources */,
			);
			runOnlyForDeploymentPostprocessing = 0;
		};
/* End PBXSourcesBuildPhase section */

/* Begin PBXVariantGroup section */
		8960281D221FE1EC00705114 /* Main.storyboard */ = {
			isa = PBXVariantGroup;
			children = (
				8960281E221FE1EC00705114 /* Base */,
			);
			name = Main.storyboard;
			sourceTree = "<group>";
		};
		89602822221FE1EE00705114 /* LaunchScreen.storyboard */ = {
			isa = PBXVariantGroup;
			children = (
				89602823221FE1EE00705114 /* Base */,
			);
			name = LaunchScreen.storyboard;
			sourceTree = "<group>";
		};
/* End PBXVariantGroup section */

/* Begin XCBuildConfiguration section */
		89602826221FE1EE00705114 /* Debug */ = {
			isa = XCBuildConfiguration;
			buildSettings = {
				ALWAYS_SEARCH_USER_PATHS = NO;
				CLANG_ANALYZER_NONNULL = YES;
				CLANG_ANALYZER_NUMBER_OBJECT_CONVERSION = YES_AGGRESSIVE;
				CLANG_CXX_LANGUAGE_STANDARD = "gnu++14";
				CLANG_CXX_LIBRARY = "libc++";
				CLANG_ENABLE_MODULES = YES;
				CLANG_ENABLE_OBJC_ARC = YES;
				CLANG_ENABLE_OBJC_WEAK = YES;
				CLANG_WARN_BLOCK_CAPTURE_AUTORELEASING = YES;
				CLANG_WARN_BOOL_CONVERSION = YES;
				CLANG_WARN_COMMA = YES;
				CLANG_WARN_CONSTANT_CONVERSION = YES;
				CLANG_WARN_DEPRECATED_OBJC_IMPLEMENTATIONS = YES;
				CLANG_WARN_DIRECT_OBJC_ISA_USAGE = YES_ERROR;
				CLANG_WARN_DOCUMENTATION_COMMENTS = YES;
				CLANG_WARN_EMPTY_BODY = YES;
				CLANG_WARN_ENUM_CONVERSION = YES;
				CLANG_WARN_INFINITE_RECURSION = YES;
				CLANG_WARN_INT_CONVERSION = YES;
				CLANG_WARN_NON_LITERAL_NULL_CONVERSION = YES;
				CLANG_WARN_OBJC_IMPLICIT_RETAIN_SELF = YES;
				CLANG_WARN_OBJC_LITERAL_CONVERSION = YES;
				CLANG_WARN_OBJC_ROOT_CLASS = YES_ERROR;
				CLANG_WARN_RANGE_LOOP_ANALYSIS = YES;
				CLANG_WARN_STRICT_PROTOTYPES = YES;
				CLANG_WARN_SUSPICIOUS_MOVE = YES;
				CLANG_WARN_UNGUARDED_AVAILABILITY = YES_AGGRESSIVE;
				CLANG_WARN_UNREACHABLE_CODE = YES;
				CLANG_WARN__DUPLICATE_METHOD_MATCH = YES;
				CODE_SIGN_IDENTITY = "iPhone Developer";
				COPY_PHASE_STRIP = NO;
				DEBUG_INFORMATION_FORMAT = dwarf;
				ENABLE_STRICT_OBJC_MSGSEND = YES;
				ENABLE_TESTABILITY = YES;
				GCC_C_LANGUAGE_STANDARD = gnu11;
				GCC_DYNAMIC_NO_PIC = NO;
				GCC_NO_COMMON_BLOCKS = YES;
				GCC_OPTIMIZATION_LEVEL = 0;
				GCC_PREPROCESSOR_DEFINITIONS = (
					"DEBUG=1",
					"$(inherited)",
				);
				GCC_WARN_64_TO_32_BIT_CONVERSION = YES;
				GCC_WARN_ABOUT_RETURN_TYPE = YES_ERROR;
				GCC_WARN_UNDECLARED_SELECTOR = YES;
				GCC_WARN_UNINITIALIZED_AUTOS = YES_AGGRESSIVE;
				GCC_WARN_UNUSED_FUNCTION = YES;
				GCC_WARN_UNUSED_VARIABLE = YES;
				IPHONEOS_DEPLOYMENT_TARGET = 12.1;
				MTL_ENABLE_DEBUG_INFO = INCLUDE_SOURCE;
				MTL_FAST_MATH = YES;
				ONLY_ACTIVE_ARCH = YES;
				SDKROOT = iphoneos;
				SWIFT_ACTIVE_COMPILATION_CONDITIONS = DEBUG;
				SWIFT_OPTIMIZATION_LEVEL = "-Onone";
			};
			name = Debug;
		};
		89602827221FE1EE00705114 /* Release */ = {
			isa = XCBuildConfiguration;
			buildSettings = {
				ALWAYS_SEARCH_USER_PATHS = NO;
				CLANG_ANALYZER_NONNULL = YES;
				CLANG_ANALYZER_NUMBER_OBJECT_CONVERSION = YES_AGGRESSIVE;
				CLANG_CXX_LANGUAGE_STANDARD = "gnu++14";
				CLANG_CXX_LIBRARY = "libc++";
				CLANG_ENABLE_MODULES = YES;
				CLANG_ENABLE_OBJC_ARC = YES;
				CLANG_ENABLE_OBJC_WEAK = YES;
				CLANG_WARN_BLOCK_CAPTURE_AUTORELEASING = YES;
				CLANG_WARN_BOOL_CONVERSION = YES;
				CLANG_WARN_COMMA = YES;
				CLANG_WARN_CONSTANT_CONVERSION = YES;
				CLANG_WARN_DEPRECATED_OBJC_IMPLEMENTATIONS = YES;
				CLANG_WARN_DIRECT_OBJC_ISA_USAGE = YES_ERROR;
				CLANG_WARN_DOCUMENTATION_COMMENTS = YES;
				CLANG_WARN_EMPTY_BODY = YES;
				CLANG_WARN_ENUM_CONVERSION = YES;
				CLANG_WARN_INFINITE_RECURSION = YES;
				CLANG_WARN_INT_CONVERSION = YES;
				CLANG_WARN_NON_LITERAL_NULL_CONVERSION = YES;
				CLANG_WARN_OBJC_IMPLICIT_RETAIN_SELF = YES;
				CLANG_WARN_OBJC_LITERAL_CONVERSION = YES;
				CLANG_WARN_OBJC_ROOT_CLASS = YES_ERROR;
				CLANG_WARN_RANGE_LOOP_ANALYSIS = YES;
				CLANG_WARN_STRICT_PROTOTYPES = YES;
				CLANG_WARN_SUSPICIOUS_MOVE = YES;
				CLANG_WARN_UNGUARDED_AVAILABILITY = YES_AGGRESSIVE;
				CLANG_WARN_UNREACHABLE_CODE = YES;
				CLANG_WARN__DUPLICATE_METHOD_MATCH = YES;
				CODE_SIGN_IDENTITY = "iPhone Developer";
				COPY_PHASE_STRIP = NO;
				DEBUG_INFORMATION_FORMAT = "dwarf-with-dsym";
				ENABLE_NS_ASSERTIONS = NO;
				ENABLE_STRICT_OBJC_MSGSEND = YES;
				GCC_C_LANGUAGE_STANDARD = gnu11;
				GCC_NO_COMMON_BLOCKS = YES;
				GCC_WARN_64_TO_32_BIT_CONVERSION = YES;
				GCC_WARN_ABOUT_RETURN_TYPE = YES_ERROR;
				GCC_WARN_UNDECLARED_SELECTOR = YES;
				GCC_WARN_UNINITIALIZED_AUTOS = YES_AGGRESSIVE;
				GCC_WARN_UNUSED_FUNCTION = YES;
				GCC_WARN_UNUSED_VARIABLE = YES;
				IPHONEOS_DEPLOYMENT_TARGET = 12.1;
				MTL_ENABLE_DEBUG_INFO = NO;
				MTL_FAST_MATH = YES;
				SDKROOT = iphoneos;
				SWIFT_COMPILATION_MODE = wholemodule;
				SWIFT_OPTIMIZATION_LEVEL = "-O";
				VALIDATE_PRODUCT = YES;
			};
			name = Release;
		};
		89602829221FE1EE00705114 /* Debug */ = {
			isa = XCBuildConfiguration;
			buildSettings = {
				ASSETCATALOG_COMPILER_APPICON_NAME = AppIcon;
				CODE_SIGN_STYLE = Automatic;
				DEVELOPMENT_TEAM = 6AN33TZ8MP;
				INFOPLIST_FILE = arSolarySystem3/Info.plist;
				LD_RUNPATH_SEARCH_PATHS = (
					"$(inherited)",
					"@executable_path/Frameworks",
				);
				PRODUCT_BUNDLE_IDENTIFIER = rayqube.arSolarySystem3;
				PRODUCT_NAME = "$(TARGET_NAME)";
				SWIFT_VERSION = 4.2;
				TARGETED_DEVICE_FAMILY = "1,2";
			};
			name = Debug;
		};
		8960282A221FE1EE00705114 /* Release */ = {
			isa = XCBuildConfiguration;
			buildSettings = {
				ASSETCATALOG_COMPILER_APPICON_NAME = AppIcon;
				CODE_SIGN_STYLE = Automatic;
				DEVELOPMENT_TEAM = 6AN33TZ8MP;
				INFOPLIST_FILE = arSolarySystem3/Info.plist;
				LD_RUNPATH_SEARCH_PATHS = (
					"$(inherited)",
					"@executable_path/Frameworks",
				);
				PRODUCT_BUNDLE_IDENTIFIER = rayqube.arSolarySystem3;
				PRODUCT_NAME = "$(TARGET_NAME)";
				SWIFT_VERSION = 4.2;
				TARGETED_DEVICE_FAMILY = "1,2";
			};
			name = Release;
		};
/* End XCBuildConfiguration section */

/* Begin XCConfigurationList section */
		8960280F221FE1EC00705114 /* Build configuration list for PBXProject "arSolarySystem3" */ = {
			isa = XCConfigurationList;
			buildConfigurations = (
				89602826221FE1EE00705114 /* Debug */,
				89602827221FE1EE00705114 /* Release */,
			);
			defaultConfigurationIsVisible = 0;
			defaultConfigurationName = Release;
		};
		89602828221FE1EE00705114 /* Build configuration list for PBXNativeTarget "arSolarySystem3" */ = {
			isa = XCConfigurationList;
			buildConfigurations = (
				89602829221FE1EE00705114 /* Debug */,
				8960282A221FE1EE00705114 /* Release */,
			);
			defaultConfigurationIsVisible = 0;
			defaultConfigurationName = Release;
		};
/* End XCConfigurationList section */
	};
	rootObject = 8960280C221FE1EC00705114 /* Project object */;
}
